// !$*UTF8*$!
{
	archiveVersion = 1;
	classes = {
	};
	objectVersion = 51;
	objects = {

/* Begin PBXBuildFile section */
		6701A6AF7E823E837E79F3D8 /* libPods-JSSkeletonExample.a in Frameworks */ = {isa = PBXBuildFile; fileRef = 2EFC85451EC9481C4D6B23F7 /* libPods-JSSkeletonExample.a */; };
		7AB24B9A24F0BEFF0067C1C4 /* JSNormalViewController.m in Sources */ = {isa = PBXBuildFile; fileRef = 7AB24B9824F0BEFF0067C1C4 /* JSNormalViewController.m */; };
		7AB24B9B24F0BEFF0067C1C4 /* JSNormalViewController.xib in Resources */ = {isa = PBXBuildFile; fileRef = 7AB24B9924F0BEFF0067C1C4 /* JSNormalViewController.xib */; };
		7AB24BA024F0C5B60067C1C4 /* JSNormalDetailView.m in Sources */ = {isa = PBXBuildFile; fileRef = 7AB24B9F24F0C5B60067C1C4 /* JSNormalDetailView.m */; };
		7AB24BA224F0C5C60067C1C4 /* JSNormalDetailView.xib in Resources */ = {isa = PBXBuildFile; fileRef = 7AB24BA124F0C5C60067C1C4 /* JSNormalDetailView.xib */; };
		7AB24BBE24F115410067C1C4 /* JSTableViewController.m in Sources */ = {isa = PBXBuildFile; fileRef = 7AB24BBC24F115410067C1C4 /* JSTableViewController.m */; };
		7AB24BBF24F115410067C1C4 /* JSTableViewController.xib in Resources */ = {isa = PBXBuildFile; fileRef = 7AB24BBD24F115410067C1C4 /* JSTableViewController.xib */; };
		7AB24BC624F115860067C1C4 /* JSTableViewCell.m in Sources */ = {isa = PBXBuildFile; fileRef = 7AB24BC424F115860067C1C4 /* JSTableViewCell.m */; };
		7AB24BC724F115860067C1C4 /* JSTableViewCell.xib in Resources */ = {isa = PBXBuildFile; fileRef = 7AB24BC524F115860067C1C4 /* JSTableViewCell.xib */; };
		7ADB2E2E24EF97AF00398BF5 /* AppDelegate.m in Sources */ = {isa = PBXBuildFile; fileRef = 7ADB2E2D24EF97AF00398BF5 /* AppDelegate.m */; };
		7ADB2E3424EF97AF00398BF5 /* ViewController.m in Sources */ = {isa = PBXBuildFile; fileRef = 7ADB2E3324EF97AF00398BF5 /* ViewController.m */; };
		7ADB2E3724EF97AF00398BF5 /* Main.storyboard in Resources */ = {isa = PBXBuildFile; fileRef = 7ADB2E3524EF97AF00398BF5 /* Main.storyboard */; };
		7ADB2E3924EF97B100398BF5 /* Assets.xcassets in Resources */ = {isa = PBXBuildFile; fileRef = 7ADB2E3824EF97B100398BF5 /* Assets.xcassets */; };
		7ADB2E3C24EF97B100398BF5 /* LaunchScreen.storyboard in Resources */ = {isa = PBXBuildFile; fileRef = 7ADB2E3A24EF97B100398BF5 /* LaunchScreen.storyboard */; };
		7ADB2E3F24EF97B100398BF5 /* main.m in Sources */ = {isa = PBXBuildFile; fileRef = 7ADB2E3E24EF97B100398BF5 /* main.m */; };
/* End PBXBuildFile section */

/* Begin PBXFileReference section */
		29E384E54D5200BF49183EFA /* Pods-JSSkeletonExample.release.xcconfig */ = {isa = PBXFileReference; includeInIndex = 1; lastKnownFileType = text.xcconfig; name = "Pods-JSSkeletonExample.release.xcconfig"; path = "Target Support Files/Pods-JSSkeletonExample/Pods-JSSkeletonExample.release.xcconfig"; sourceTree = "<group>"; };
		2EFC85451EC9481C4D6B23F7 /* libPods-JSSkeletonExample.a */ = {isa = PBXFileReference; explicitFileType = archive.ar; includeInIndex = 0; path = "libPods-JSSkeletonExample.a"; sourceTree = BUILT_PRODUCTS_DIR; };
		7AB24B9124F0BDAF0067C1C4 /* PrefixHeader.pch */ = {isa = PBXFileReference; lastKnownFileType = sourcecode.c.h; path = PrefixHeader.pch; sourceTree = "<group>"; };
		7AB24B9724F0BEFF0067C1C4 /* JSNormalViewController.h */ = {isa = PBXFileReference; lastKnownFileType = sourcecode.c.h; path = JSNormalViewController.h; sourceTree = "<group>"; };
		7AB24B9824F0BEFF0067C1C4 /* JSNormalViewController.m */ = {isa = PBXFileReference; lastKnownFileType = sourcecode.c.objc; path = JSNormalViewController.m; sourceTree = "<group>"; };
		7AB24B9924F0BEFF0067C1C4 /* JSNormalViewController.xib */ = {isa = PBXFileReference; lastKnownFileType = file.xib; path = JSNormalViewController.xib; sourceTree = "<group>"; };
		7AB24B9E24F0C5B60067C1C4 /* JSNormalDetailView.h */ = {isa = PBXFileReference; lastKnownFileType = sourcecode.c.h; path = JSNormalDetailView.h; sourceTree = "<group>"; };
		7AB24B9F24F0C5B60067C1C4 /* JSNormalDetailView.m */ = {isa = PBXFileReference; lastKnownFileType = sourcecode.c.objc; path = JSNormalDetailView.m; sourceTree = "<group>"; };
		7AB24BA124F0C5C60067C1C4 /* JSNormalDetailView.xib */ = {isa = PBXFileReference; lastKnownFileType = file.xib; path = JSNormalDetailView.xib; sourceTree = "<group>"; };
		7AB24BA324F0C6CE0067C1C4 /* JSSkeletonExample.entitlements */ = {isa = PBXFileReference; lastKnownFileType = text.plist.entitlements; path = JSSkeletonExample.entitlements; sourceTree = "<group>"; };
		7AB24BBB24F115410067C1C4 /* JSTableViewController.h */ = {isa = PBXFileReference; lastKnownFileType = sourcecode.c.h; path = JSTableViewController.h; sourceTree = "<group>"; };
		7AB24BBC24F115410067C1C4 /* JSTableViewController.m */ = {isa = PBXFileReference; lastKnownFileType = sourcecode.c.objc; path = JSTableViewController.m; sourceTree = "<group>"; };
		7AB24BBD24F115410067C1C4 /* JSTableViewController.xib */ = {isa = PBXFileReference; lastKnownFileType = file.xib; path = JSTableViewController.xib; sourceTree = "<group>"; };
		7AB24BC324F115860067C1C4 /* JSTableViewCell.h */ = {isa = PBXFileReference; lastKnownFileType = sourcecode.c.h; path = JSTableViewCell.h; sourceTree = "<group>"; };
		7AB24BC424F115860067C1C4 /* JSTableViewCell.m */ = {isa = PBXFileReference; lastKnownFileType = sourcecode.c.objc; path = JSTableViewCell.m; sourceTree = "<group>"; };
		7AB24BC524F115860067C1C4 /* JSTableViewCell.xib */ = {isa = PBXFileReference; lastKnownFileType = file.xib; path = JSTableViewCell.xib; sourceTree = "<group>"; };
		7ADB2E2924EF97AF00398BF5 /* JSSkeletonExample.app */ = {isa = PBXFileReference; explicitFileType = wrapper.application; includeInIndex = 0; path = JSSkeletonExample.app; sourceTree = BUILT_PRODUCTS_DIR; };
		7ADB2E2C24EF97AF00398BF5 /* AppDelegate.h */ = {isa = PBXFileReference; lastKnownFileType = sourcecode.c.h; path = AppDelegate.h; sourceTree = "<group>"; };
		7ADB2E2D24EF97AF00398BF5 /* AppDelegate.m */ = {isa = PBXFileReference; lastKnownFileType = sourcecode.c.objc; path = AppDelegate.m; sourceTree = "<group>"; };
		7ADB2E3224EF97AF00398BF5 /* ViewController.h */ = {isa = PBXFileReference; lastKnownFileType = sourcecode.c.h; path = ViewController.h; sourceTree = "<group>"; };
		7ADB2E3324EF97AF00398BF5 /* ViewController.m */ = {isa = PBXFileReference; lastKnownFileType = sourcecode.c.objc; path = ViewController.m; sourceTree = "<group>"; };
		7ADB2E3624EF97AF00398BF5 /* Base */ = {isa = PBXFileReference; lastKnownFileType = file.storyboard; name = Base; path = Base.lproj/Main.storyboard; sourceTree = "<group>"; };
		7ADB2E3824EF97B100398BF5 /* Assets.xcassets */ = {isa = PBXFileReference; lastKnownFileType = folder.assetcatalog; path = Assets.xcassets; sourceTree = "<group>"; };
		7ADB2E3B24EF97B100398BF5 /* Base */ = {isa = PBXFileReference; lastKnownFileType = file.storyboard; name = Base; path = Base.lproj/LaunchScreen.storyboard; sourceTree = "<group>"; };
		7ADB2E3D24EF97B100398BF5 /* Info.plist */ = {isa = PBXFileReference; lastKnownFileType = text.plist.xml; path = Info.plist; sourceTree = "<group>"; };
		7ADB2E3E24EF97B100398BF5 /* main.m */ = {isa = PBXFileReference; lastKnownFileType = sourcecode.c.objc; path = main.m; sourceTree = "<group>"; };
		B9506AE21947DFF4ECB75003 /* Pods-JSSkeletonExample.debug.xcconfig */ = {isa = PBXFileReference; includeInIndex = 1; lastKnownFileType = text.xcconfig; name = "Pods-JSSkeletonExample.debug.xcconfig"; path = "Target Support Files/Pods-JSSkeletonExample/Pods-JSSkeletonExample.debug.xcconfig"; sourceTree = "<group>"; };
/* End PBXFileReference section */

/* Begin PBXFrameworksBuildPhase section */
		7ADB2E2624EF97AF00398BF5 /* Frameworks */ = {
			isa = PBXFrameworksBuildPhase;
			buildActionMask = 2147483647;
			files = (
				6701A6AF7E823E837E79F3D8 /* libPods-JSSkeletonExample.a in Frameworks */,
			);
			runOnlyForDeploymentPostprocessing = 0;
		};
/* End PBXFrameworksBuildPhase section */

/* Begin PBXGroup section */
		28D6B717B9BEF9A7D3F2EBED /* Pods */ = {
			isa = PBXGroup;
			children = (
				B9506AE21947DFF4ECB75003 /* Pods-JSSkeletonExample.debug.xcconfig */,
				29E384E54D5200BF49183EFA /* Pods-JSSkeletonExample.release.xcconfig */,
			);
			path = Pods;
			sourceTree = "<group>";
		};
		7AB24B9424F0BEC30067C1C4 /* Normal */ = {
			isa = PBXGroup;
			children = (
				7AB24B9624F0BEE40067C1C4 /* View */,
				7AB24B9524F0BED80067C1C4 /* ViewController */,
			);
			path = Normal;
			sourceTree = "<group>";
		};
		7AB24B9524F0BED80067C1C4 /* ViewController */ = {
			isa = PBXGroup;
			children = (
				7AB24B9724F0BEFF0067C1C4 /* JSNormalViewController.h */,
				7AB24B9824F0BEFF0067C1C4 /* JSNormalViewController.m */,
				7AB24B9924F0BEFF0067C1C4 /* JSNormalViewController.xib */,
			);
			path = ViewController;
			sourceTree = "<group>";
		};
		7AB24B9624F0BEE40067C1C4 /* View */ = {
			isa = PBXGroup;
			children = (
				7AB24B9E24F0C5B60067C1C4 /* JSNormalDetailView.h */,
				7AB24B9F24F0C5B60067C1C4 /* JSNormalDetailView.m */,
				7AB24BA124F0C5C60067C1C4 /* JSNormalDetailView.xib */,
			);
			path = View;
			sourceTree = "<group>";
		};
		7AB24BB524F114E40067C1C4 /* TableView */ = {
			isa = PBXGroup;
			children = (
				7AB24BB624F114F50067C1C4 /* View */,
				7AB24BB724F114FA0067C1C4 /* ViewController */,
			);
			path = TableView;
			sourceTree = "<group>";
		};
		7AB24BB624F114F50067C1C4 /* View */ = {
			isa = PBXGroup;
			children = (
				7AB24BC324F115860067C1C4 /* JSTableViewCell.h */,
				7AB24BC424F115860067C1C4 /* JSTableViewCell.m */,
				7AB24BC524F115860067C1C4 /* JSTableViewCell.xib */,
			);
			path = View;
			sourceTree = "<group>";
		};
		7AB24BB724F114FA0067C1C4 /* ViewController */ = {
			isa = PBXGroup;
			children = (
				7AB24BBB24F115410067C1C4 /* JSTableViewController.h */,
				7AB24BBC24F115410067C1C4 /* JSTableViewController.m */,
				7AB24BBD24F115410067C1C4 /* JSTableViewController.xib */,
			);
			path = ViewController;
			sourceTree = "<group>";
		};
		7ADB2E2024EF97AF00398BF5 = {
			isa = PBXGroup;
			children = (
				7ADB2E2B24EF97AF00398BF5 /* JSSkeletonExample */,
				7ADB2E2A24EF97AF00398BF5 /* Products */,
				28D6B717B9BEF9A7D3F2EBED /* Pods */,
				CBFF8E4DB0F035A172499FEE /* Frameworks */,
			);
			sourceTree = "<group>";
		};
		7ADB2E2A24EF97AF00398BF5 /* Products */ = {
			isa = PBXGroup;
			children = (
				7ADB2E2924EF97AF00398BF5 /* JSSkeletonExample.app */,
			);
			name = Products;
			sourceTree = "<group>";
		};
		7ADB2E2B24EF97AF00398BF5 /* JSSkeletonExample */ = {
			isa = PBXGroup;
			children = (
				7AB24BA324F0C6CE0067C1C4 /* JSSkeletonExample.entitlements */,
				7AB24B9424F0BEC30067C1C4 /* Normal */,
				7AB24BB524F114E40067C1C4 /* TableView */,
				7ADB2E2C24EF97AF00398BF5 /* AppDelegate.h */,
				7ADB2E2D24EF97AF00398BF5 /* AppDelegate.m */,
				7ADB2E3224EF97AF00398BF5 /* ViewController.h */,
				7ADB2E3324EF97AF00398BF5 /* ViewController.m */,
				7AB24B9124F0BDAF0067C1C4 /* PrefixHeader.pch */,
				7ADB2E3524EF97AF00398BF5 /* Main.storyboard */,
				7ADB2E3824EF97B100398BF5 /* Assets.xcassets */,
				7ADB2E3A24EF97B100398BF5 /* LaunchScreen.storyboard */,
				7ADB2E3D24EF97B100398BF5 /* Info.plist */,
				7ADB2E3E24EF97B100398BF5 /* main.m */,
			);
			path = JSSkeletonExample;
			sourceTree = "<group>";
		};
		CBFF8E4DB0F035A172499FEE /* Frameworks */ = {
			isa = PBXGroup;
			children = (
				2EFC85451EC9481C4D6B23F7 /* libPods-JSSkeletonExample.a */,
			);
			name = Frameworks;
			sourceTree = "<group>";
		};
/* End PBXGroup section */

/* Begin PBXNativeTarget section */
		7ADB2E2824EF97AF00398BF5 /* JSSkeletonExample */ = {
			isa = PBXNativeTarget;
			buildConfigurationList = 7ADB2E4224EF97B100398BF5 /* Build configuration list for PBXNativeTarget "JSSkeletonExample" */;
			buildPhases = (
				5EB372C1395055FE3504E329 /* [CP] Check Pods Manifest.lock */,
				7ADB2E2524EF97AF00398BF5 /* Sources */,
				7ADB2E2624EF97AF00398BF5 /* Frameworks */,
				7ADB2E2724EF97AF00398BF5 /* Resources */,
				2ACD33E98936C9382BBF4127 /* [CP] Embed Pods Frameworks */,
				C6A0C4BA84F5C7163DC6EE34 /* [CP] Copy Pods Resources */,
			);
			buildRules = (
			);
			dependencies = (
			);
			name = JSSkeletonExample;
			productName = JSSkeletonExample;
			productReference = 7ADB2E2924EF97AF00398BF5 /* JSSkeletonExample.app */;
			productType = "com.apple.product-type.application";
		};
/* End PBXNativeTarget section */

/* Begin PBXProject section */
		7ADB2E2124EF97AF00398BF5 /* Project object */ = {
			isa = PBXProject;
			attributes = {
				LastUpgradeCheck = 1140;
				ORGANIZATIONNAME = jiasong;
				TargetAttributes = {
					7ADB2E2824EF97AF00398BF5 = {
						CreatedOnToolsVersion = 11.4.1;
					};
				};
			};
			buildConfigurationList = 7ADB2E2424EF97AF00398BF5 /* Build configuration list for PBXProject "JSSkeletonExample" */;
			compatibilityVersion = "Xcode 9.3";
			developmentRegion = en;
			hasScannedForEncodings = 0;
			knownRegions = (
				en,
				Base,
			);
			mainGroup = 7ADB2E2024EF97AF00398BF5;
			productRefGroup = 7ADB2E2A24EF97AF00398BF5 /* Products */;
			projectDirPath = "";
			projectRoot = "";
			targets = (
				7ADB2E2824EF97AF00398BF5 /* JSSkeletonExample */,
			);
		};
/* End PBXProject section */

/* Begin PBXResourcesBuildPhase section */
		7ADB2E2724EF97AF00398BF5 /* Resources */ = {
			isa = PBXResourcesBuildPhase;
			buildActionMask = 2147483647;
			files = (
				7AB24B9B24F0BEFF0067C1C4 /* JSNormalViewController.xib in Resources */,
				7AB24BA224F0C5C60067C1C4 /* JSNormalDetailView.xib in Resources */,
				7ADB2E3C24EF97B100398BF5 /* LaunchScreen.storyboard in Resources */,
				7ADB2E3924EF97B100398BF5 /* Assets.xcassets in Resources */,
				7AB24BC724F115860067C1C4 /* JSTableViewCell.xib in Resources */,
				7AB24BBF24F115410067C1C4 /* JSTableViewController.xib in Resources */,
				7ADB2E3724EF97AF00398BF5 /* Main.storyboard in Resources */,
			);
			runOnlyForDeploymentPostprocessing = 0;
		};
/* End PBXResourcesBuildPhase section */

/* Begin PBXShellScriptBuildPhase section */
		2ACD33E98936C9382BBF4127 /* [CP] Embed Pods Frameworks */ = {
			isa = PBXShellScriptBuildPhase;
			buildActionMask = 2147483647;
			files = (
			);
			inputFileListPaths = (
				"${PODS_ROOT}/Target Support Files/Pods-JSSkeletonExample/Pods-JSSkeletonExample-frameworks-${CONFIGURATION}-input-files.xcfilelist",
			);
			name = "[CP] Embed Pods Frameworks";
			outputFileListPaths = (
				"${PODS_ROOT}/Target Support Files/Pods-JSSkeletonExample/Pods-JSSkeletonExample-frameworks-${CONFIGURATION}-output-files.xcfilelist",
			);
			runOnlyForDeploymentPostprocessing = 0;
			shellPath = /bin/sh;
			shellScript = "\"${PODS_ROOT}/Target Support Files/Pods-JSSkeletonExample/Pods-JSSkeletonExample-frameworks.sh\"\n";
			showEnvVarsInLog = 0;
		};
		5EB372C1395055FE3504E329 /* [CP] Check Pods Manifest.lock */ = {
			isa = PBXShellScriptBuildPhase;
			buildActionMask = 2147483647;
			files = (
			);
			inputFileListPaths = (
			);
			inputPaths = (
				"${PODS_PODFILE_DIR_PATH}/Podfile.lock",
				"${PODS_ROOT}/Manifest.lock",
			);
			name = "[CP] Check Pods Manifest.lock";
			outputFileListPaths = (
			);
			outputPaths = (
				"$(DERIVED_FILE_DIR)/Pods-JSSkeletonExample-checkManifestLockResult.txt",
			);
			runOnlyForDeploymentPostprocessing = 0;
			shellPath = /bin/sh;
			shellScript = "diff \"${PODS_PODFILE_DIR_PATH}/Podfile.lock\" \"${PODS_ROOT}/Manifest.lock\" > /dev/null\nif [ $? != 0 ] ; then\n    # print error to STDERR\n    echo \"error: The sandbox is not in sync with the Podfile.lock. Run 'pod install' or update your CocoaPods installation.\" >&2\n    exit 1\nfi\n# This output is used by Xcode 'outputs' to avoid re-running this script phase.\necho \"SUCCESS\" > \"${SCRIPT_OUTPUT_FILE_0}\"\n";
			showEnvVarsInLog = 0;
		};
		C6A0C4BA84F5C7163DC6EE34 /* [CP] Copy Pods Resources */ = {
			isa = PBXShellScriptBuildPhase;
			buildActionMask = 2147483647;
			files = (
			);
			inputFileListPaths = (
				"${PODS_ROOT}/Target Support Files/Pods-JSSkeletonExample/Pods-JSSkeletonExample-resources-${CONFIGURATION}-input-files.xcfilelist",
			);
			name = "[CP] Copy Pods Resources";
			outputFileListPaths = (
				"${PODS_ROOT}/Target Support Files/Pods-JSSkeletonExample/Pods-JSSkeletonExample-resources-${CONFIGURATION}-output-files.xcfilelist",
			);
			runOnlyForDeploymentPostprocessing = 0;
			shellPath = /bin/sh;
			shellScript = "\"${PODS_ROOT}/Target Support Files/Pods-JSSkeletonExample/Pods-JSSkeletonExample-resources.sh\"\n";
			showEnvVarsInLog = 0;
		};
/* End PBXShellScriptBuildPhase section */

/* Begin PBXSourcesBuildPhase section */
		7ADB2E2524EF97AF00398BF5 /* Sources */ = {
			isa = PBXSourcesBuildPhase;
			buildActionMask = 2147483647;
			files = (
				7AB24BBE24F115410067C1C4 /* JSTableViewController.m in Sources */,
				7AB24BC624F115860067C1C4 /* JSTableViewCell.m in Sources */,
				7ADB2E3424EF97AF00398BF5 /* ViewController.m in Sources */,
				7ADB2E2E24EF97AF00398BF5 /* AppDelegate.m in Sources */,
				7AB24BA024F0C5B60067C1C4 /* JSNormalDetailView.m in Sources */,
				7AB24B9A24F0BEFF0067C1C4 /* JSNormalViewController.m in Sources */,
				7ADB2E3F24EF97B100398BF5 /* main.m in Sources */,
			);
			runOnlyForDeploymentPostprocessing = 0;
		};
/* End PBXSourcesBuildPhase section */

/* Begin PBXVariantGroup section */
		7ADB2E3524EF97AF00398BF5 /* Main.storyboard */ = {
			isa = PBXVariantGroup;
			children = (
				7ADB2E3624EF97AF00398BF5 /* Base */,
			);
			name = Main.storyboard;
			sourceTree = "<group>";
		};
		7ADB2E3A24EF97B100398BF5 /* LaunchScreen.storyboard */ = {
			isa = PBXVariantGroup;
			children = (
				7ADB2E3B24EF97B100398BF5 /* Base */,
			);
			name = LaunchScreen.storyboard;
			sourceTree = "<group>";
		};
/* End PBXVariantGroup section */

/* Begin XCBuildConfiguration section */
		7ADB2E4024EF97B100398BF5 /* Debug */ = {
			isa = XCBuildConfiguration;
			buildSettings = {
				ALWAYS_SEARCH_USER_PATHS = NO;
				CLANG_ANALYZER_NONNULL = YES;
				CLANG_ANALYZER_NUMBER_OBJECT_CONVERSION = YES_AGGRESSIVE;
				CLANG_CXX_LANGUAGE_STANDARD = "gnu++14";
				CLANG_CXX_LIBRARY = "libc++";
				CLANG_ENABLE_MODULES = YES;
				CLANG_ENABLE_OBJC_ARC = YES;
				CLANG_ENABLE_OBJC_WEAK = YES;
				CLANG_WARN_BLOCK_CAPTURE_AUTORELEASING = YES;
				CLANG_WARN_BOOL_CONVERSION = YES;
				CLANG_WARN_COMMA = YES;
				CLANG_WARN_CONSTANT_CONVERSION = YES;
				CLANG_WARN_DEPRECATED_OBJC_IMPLEMENTATIONS = YES;
				CLANG_WARN_DIRECT_OBJC_ISA_USAGE = YES_ERROR;
				CLANG_WARN_DOCUMENTATION_COMMENTS = YES;
				CLANG_WARN_EMPTY_BODY = YES;
				CLANG_WARN_ENUM_CONVERSION = YES;
				CLANG_WARN_INFINITE_RECURSION = YES;
				CLANG_WARN_INT_CONVERSION = YES;
				CLANG_WARN_NON_LITERAL_NULL_CONVERSION = YES;
				CLANG_WARN_OBJC_IMPLICIT_RETAIN_SELF = YES;
				CLANG_WARN_OBJC_LITERAL_CONVERSION = YES;
				CLANG_WARN_OBJC_ROOT_CLASS = YES_ERROR;
				CLANG_WARN_RANGE_LOOP_ANALYSIS = YES;
				CLANG_WARN_STRICT_PROTOTYPES = YES;
				CLANG_WARN_SUSPICIOUS_MOVE = YES;
				CLANG_WARN_UNGUARDED_AVAILABILITY = YES_AGGRESSIVE;
				CLANG_WARN_UNREACHABLE_CODE = YES;
				CLANG_WARN__DUPLICATE_METHOD_MATCH = YES;
				COPY_PHASE_STRIP = NO;
				DEBUG_INFORMATION_FORMAT = dwarf;
				ENABLE_STRICT_OBJC_MSGSEND = YES;
				ENABLE_TESTABILITY = YES;
				GCC_C_LANGUAGE_STANDARD = gnu11;
				GCC_DYNAMIC_NO_PIC = NO;
				GCC_NO_COMMON_BLOCKS = YES;
				GCC_OPTIMIZATION_LEVEL = 0;
				GCC_PREPROCESSOR_DEFINITIONS = (
					"DEBUG=1",
					"$(inherited)",
				);
				GCC_WARN_64_TO_32_BIT_CONVERSION = YES;
				GCC_WARN_ABOUT_RETURN_TYPE = YES_ERROR;
				GCC_WARN_UNDECLARED_SELECTOR = YES;
				GCC_WARN_UNINITIALIZED_AUTOS = YES_AGGRESSIVE;
				GCC_WARN_UNUSED_FUNCTION = YES;
				GCC_WARN_UNUSED_VARIABLE = YES;
				IPHONEOS_DEPLOYMENT_TARGET = 13.4;
				MTL_ENABLE_DEBUG_INFO = INCLUDE_SOURCE;
				MTL_FAST_MATH = YES;
				ONLY_ACTIVE_ARCH = YES;
				SDKROOT = iphoneos;
			};
			name = Debug;
		};
		7ADB2E4124EF97B100398BF5 /* Release */ = {
			isa = XCBuildConfiguration;
			buildSettings = {
				ALWAYS_SEARCH_USER_PATHS = NO;
				CLANG_ANALYZER_NONNULL = YES;
				CLANG_ANALYZER_NUMBER_OBJECT_CONVERSION = YES_AGGRESSIVE;
				CLANG_CXX_LANGUAGE_STANDARD = "gnu++14";
				CLANG_CXX_LIBRARY = "libc++";
				CLANG_ENABLE_MODULES = YES;
				CLANG_ENABLE_OBJC_ARC = YES;
				CLANG_ENABLE_OBJC_WEAK = YES;
				CLANG_WARN_BLOCK_CAPTURE_AUTORELEASING = YES;
				CLANG_WARN_BOOL_CONVERSION = YES;
				CLANG_WARN_COMMA = YES;
				CLANG_WARN_CONSTANT_CONVERSION = YES;
				CLANG_WARN_DEPRECATED_OBJC_IMPLEMENTATIONS = YES;
				CLANG_WARN_DIRECT_OBJC_ISA_USAGE = YES_ERROR;
				CLANG_WARN_DOCUMENTATION_COMMENTS = YES;
				CLANG_WARN_EMPTY_BODY = YES;
				CLANG_WARN_ENUM_CONVERSION = YES;
				CLANG_WARN_INFINITE_RECURSION = YES;
				CLANG_WARN_INT_CONVERSION = YES;
				CLANG_WARN_NON_LITERAL_NULL_CONVERSION = YES;
				CLANG_WARN_OBJC_IMPLICIT_RETAIN_SELF = YES;
				CLANG_WARN_OBJC_LITERAL_CONVERSION = YES;
				CLANG_WARN_OBJC_ROOT_CLASS = YES_ERROR;
				CLANG_WARN_RANGE_LOOP_ANALYSIS = YES;
				CLANG_WARN_STRICT_PROTOTYPES = YES;
				CLANG_WARN_SUSPICIOUS_MOVE = YES;
				CLANG_WARN_UNGUARDED_AVAILABILITY = YES_AGGRESSIVE;
				CLANG_WARN_UNREACHABLE_CODE = YES;
				CLANG_WARN__DUPLICATE_METHOD_MATCH = YES;
				COPY_PHASE_STRIP = NO;
				DEBUG_INFORMATION_FORMAT = "dwarf-with-dsym";
				ENABLE_NS_ASSERTIONS = NO;
				ENABLE_STRICT_OBJC_MSGSEND = YES;
				GCC_C_LANGUAGE_STANDARD = gnu11;
				GCC_NO_COMMON_BLOCKS = YES;
				GCC_WARN_64_TO_32_BIT_CONVERSION = YES;
				GCC_WARN_ABOUT_RETURN_TYPE = YES_ERROR;
				GCC_WARN_UNDECLARED_SELECTOR = YES;
				GCC_WARN_UNINITIALIZED_AUTOS = YES_AGGRESSIVE;
				GCC_WARN_UNUSED_FUNCTION = YES;
				GCC_WARN_UNUSED_VARIABLE = YES;
				IPHONEOS_DEPLOYMENT_TARGET = 13.4;
				MTL_ENABLE_DEBUG_INFO = NO;
				MTL_FAST_MATH = YES;
				SDKROOT = iphoneos;
				VALIDATE_PRODUCT = YES;
			};
			name = Release;
		};
		7ADB2E4324EF97B100398BF5 /* Debug */ = {
			isa = XCBuildConfiguration;
			baseConfigurationReference = B9506AE21947DFF4ECB75003 /* Pods-JSSkeletonExample.debug.xcconfig */;
			buildSettings = {
				ASSETCATALOG_COMPILER_APPICON_NAME = AppIcon;
				CODE_SIGN_ENTITLEMENTS = JSSkeletonExample/JSSkeletonExample.entitlements;
				CODE_SIGN_STYLE = Automatic;
				DEVELOPMENT_TEAM = KJ6AEY5JEH;
				GCC_PREFIX_HEADER = JSSkeletonExample/PrefixHeader.pch;
				INFOPLIST_FILE = JSSkeletonExample/Info.plist;
				IPHONEOS_DEPLOYMENT_TARGET = 9.0;
				LD_RUNPATH_SEARCH_PATHS = (
					"$(inherited)",
					"@executable_path/Frameworks",
				);
				PRODUCT_BUNDLE_IDENTIFIER = com.jiasong.JSSkeletonExample;
				PRODUCT_NAME = "$(TARGET_NAME)";
				SUPPORTS_MACCATALYST = YES;
				TARGETED_DEVICE_FAMILY = "1,2";
			};
			name = Debug;
		};
		7ADB2E4424EF97B100398BF5 /* Release */ = {
			isa = XCBuildConfiguration;
			baseConfigurationReference = 29E384E54D5200BF49183EFA /* Pods-JSSkeletonExample.release.xcconfig */;
			buildSettings = {
				ASSETCATALOG_COMPILER_APPICON_NAME = AppIcon;
				CODE_SIGN_ENTITLEMENTS = JSSkeletonExample/JSSkeletonExample.entitlements;
				CODE_SIGN_STYLE = Automatic;
				DEVELOPMENT_TEAM = KJ6AEY5JEH;
				GCC_PREFIX_HEADER = JSSkeletonExample/PrefixHeader.pch;
				INFOPLIST_FILE = JSSkeletonExample/Info.plist;
				IPHONEOS_DEPLOYMENT_TARGET = 9.0;
				LD_RUNPATH_SEARCH_PATHS = (
					"$(inherited)",
					"@executable_path/Frameworks",
				);
				PRODUCT_BUNDLE_IDENTIFIER = com.jiasong.JSSkeletonExample;
				PRODUCT_NAME = "$(TARGET_NAME)";
				SUPPORTS_MACCATALYST = YES;
				TARGETED_DEVICE_FAMILY = "1,2";
			};
			name = Release;
		};
/* End XCBuildConfiguration section */

/* Begin XCConfigurationList section */
		7ADB2E2424EF97AF00398BF5 /* Build configuration list for PBXProject "JSSkeletonExample" */ = {
			isa = XCConfigurationList;
			buildConfigurations = (
				7ADB2E4024EF97B100398BF5 /* Debug */,
				7ADB2E4124EF97B100398BF5 /* Release */,
			);
			defaultConfigurationIsVisible = 0;
			defaultConfigurationName = Release;
		};
		7ADB2E4224EF97B100398BF5 /* Build configuration list for PBXNativeTarget "JSSkeletonExample" */ = {
			isa = XCConfigurationList;
			buildConfigurations = (
				7ADB2E4324EF97B100398BF5 /* Debug */,
				7ADB2E4424EF97B100398BF5 /* Release */,
			);
			defaultConfigurationIsVisible = 0;
			defaultConfigurationName = Release;
		};
/* End XCConfigurationList section */
	};
	rootObject = 7ADB2E2124EF97AF00398BF5 /* Project object */;
}
